
Microsoft Visual Studio Solution File, Format Version 12.00
# Visual Studio Version 17
VisualStudioVersion = 17.0.31903.59
MinimumVisualStudioVersion = 10.0.40219.1
Project("{FAE04EC0-301F-11D3-BF4B-00C04F79EFBC}") = "Application", "Application\Application.csproj", "{64D3B353-2E28-41F8-A2B4-25322429B9FA}"
EndProject
Project("{FAE04EC0-301F-11D3-BF4B-00C04F79EFBC}") = "UnitTests", "UnitTests\UnitTests.csproj", "{C4D82059-6C0A-4A17-8714-298F6BF9637E}"
EndProject
Project("{FAE04EC0-301F-11D3-BF4B-00C04F79EFBC}") = "IntegrationTests", "IntegrationTests\IntegrationTests.csproj", "{B1A5EB26-FEDC-4A5A-B291-EBCA33294AB5}"
EndProject
Project("{2150E333-8FDC-42A3-9474-1A3956D46DE8}") = "Solution Items", "Solution Items", "{592F8C93-5FFD-483F-8C9B-F83353E44242}"
	ProjectSection(SolutionItems) = preProject
		.dockerignore = .dockerignore
		.env = .env
		.env.example = .env.example
		.gitignore = .gitignore
		compose.override.yml = compose.override.yml
		compose.yml = compose.yml
		nuget.config = nuget.config
	EndProjectSection
EndProject
Global
	GlobalSection(SolutionConfigurationPlatforms) = preSolution
		Debug|Any CPU = Debug|Any CPU
		Release|Any CPU = Release|Any CPU
	EndGlobalSection
	GlobalSection(SolutionProperties) = preSolution
		HideSolutionNode = FALSE
	EndGlobalSection
	GlobalSection(ProjectConfigurationPlatforms) = postSolution
		{64D3B353-2E28-41F8-A2B4-25322429B9FA}.Debug|Any CPU.ActiveCfg = Debug|Any CPU
		{64D3B353-2E28-41F8-A2B4-25322429B9FA}.Debug|Any CPU.Build.0 = Debug|Any CPU
		{64D3B353-2E28-41F8-A2B4-25322429B9FA}.Release|Any CPU.ActiveCfg = Release|Any CPU
		{64D3B353-2E28-41F8-A2B4-25322429B9FA}.Release|Any CPU.Build.0 = Release|Any CPU
		{C4D82059-6C0A-4A17-8714-298F6BF9637E}.Debug|Any CPU.ActiveCfg = Debug|Any CPU
		{C4D82059-6C0A-4A17-8714-298F6BF9637E}.Debug|Any CPU.Build.0 = Debug|Any CPU
		{C4D82059-6C0A-4A17-8714-298F6BF9637E}.Release|Any CPU.ActiveCfg = Release|Any CPU
		{C4D82059-6C0A-4A17-8714-298F6BF9637E}.Release|Any CPU.Build.0 = Release|Any CPU
		{B1A5EB26-FEDC-4A5A-B291-EBCA33294AB5}.Debug|Any CPU.ActiveCfg = Debug|Any CPU
		{B1A5EB26-FEDC-4A5A-B291-EBCA33294AB5}.Debug|Any CPU.Build.0 = Debug|Any CPU
		{B1A5EB26-FEDC-4A5A-B291-EBCA33294AB5}.Release|Any CPU.ActiveCfg = Release|Any CPU
		{B1A5EB26-FEDC-4A5A-B291-EBCA33294AB5}.Release|Any CPU.Build.0 = Release|Any CPU
	EndGlobalSection
EndGlobal
